{
  "name": "client",
  "version": "1.0.0",
  "lockfileVersion": 1,
  "requires": true,
  "dependencies": {
    "sweetalert2": {
      "version": "8.18.7",
      "resolved": "https://registry.npmjs.org/sweetalert2/-/sweetalert2-8.18.7.tgz",
      "integrity": "sha512-6vU8iTLPWrUrWdG/mpR1vcQCA7PH6DHyuzsSScsR7MTC3fX8FbFMQA7G56G+UsuF3IOry+P9UrSy3G8Au7Tk0Q=="
    }
  }
}
